hash: 58f6940443e9b59ca42993feb8d6eaf0ab231d0db44a7ea80ed5b6c2218c4577
updated: 2016-05-22T15:55:18.253489224+07:00
imports:
- name: github.com/andybalholm/cascadia
  version: a4ba637dd5b29f65a3864e4ec7318fe88a56f3bc
- name: github.com/cathalgarvey/sqrape
  version: a4ba637dd5b29f65a3864e4ec7318fe88a56f3bc
- name: github.com/dgrijalva/jwt-go
  version: a4ba637dd5b29f65a3864e4ec7318fe88a56f3bc
- name: github.com/go-errors/errors
  version: a4ba637dd5b29f65a3864e4ec7318fe88a56f3bc
- name: github.com/hashicorp/golang-lru
  version: a4ba637dd5b29f65a3864e4ec7318fe88a56f3bc
  subpackages:
  - simplelru
- name: github.com/labstack/echo
  version: a4ba637dd5b29f65a3864e4ec7318fe88a56f3bc
  subpackages:
  - engine/standard
  - middleware
  - engine
- name: github.com/labstack/gommon
  version: a4ba637dd5b29f65a3864e4ec7318fe88a56f3bc
  subpackages:
  - log
  - bytes
  - color
- name: github.com/mattn/go-colorable
  version: a4ba637dd5b29f65a3864e4ec7318fe88a56f3bc
- name: github.com/mattn/go-isatty
  version: a4ba637dd5b29f65a3864e4ec7318fe88a56f3bc
- name: github.com/mitchellh/mapstructure
  version: a4ba637dd5b29f65a3864e4ec7318fe88a56f3bc
- name: github.com/namsral/microdata
  version: a4ba637dd5b29f65a3864e4ec7318fe88a56f3bc
- name: github.com/oleiade/reflections
  version: a4ba637dd5b29f65a3864e4ec7318fe88a56f3bc
- name: github.com/PuerkitoBio/goquery
  version: a4ba637dd5b29f65a3864e4ec7318fe88a56f3bc
- name: github.com/valyala/fasttemplate
  version: a4ba637dd5b29f65a3864e4ec7318fe88a56f3bc
- name: golang.org/x/net
  version: a4ba637dd5b29f65a3864e4ec7318fe88a56f3bc
  subpackages:
  - context
  - html
  - html/atom
  - html/charset
- name: golang.org/x/sys
  version: a4ba637dd5b29f65a3864e4ec7318fe88a56f3bc
  subpackages:
  - unix
- name: golang.org/x/text
  version: a4ba637dd5b29f65a3864e4ec7318fe88a56f3bc
  subpackages:
  - encoding
  - encoding/charmap
  - encoding/htmlindex
  - transform
  - encoding/internal/identifier
  - encoding/internal
  - encoding/japanese
  - encoding/korean
  - encoding/simplifiedchinese
  - encoding/traditionalchinese
  - encoding/unicode
  - language
  - internal/utf8internal
  - runes
  - internal/tag
devImports: []
